
Microsoft Visual Studio Solution File, Format Version 12.00
# Visual Studio Version 16
VisualStudioVersion = 16.0.30621.155
MinimumVisualStudioVersion = 10.0.40219.1
Project("{9A19103F-16F7-4668-BE54-9A1E7A4F7556}") = "SingletonPattern", "SingletonPattern\SingletonPattern.csproj", "{723B0AAC-4EC0-4ACD-BBD9-0DAD44F8BCA7}"
EndProject
Project("{9A19103F-16F7-4668-BE54-9A1E7A4F7556}") = "FactoryPattern", "FactoryPattern\FactoryPattern.csproj", "{3DA20852-9666-4707-8535-B5F15B1CA90C}"
EndProject
Project("{9A19103F-16F7-4668-BE54-9A1E7A4F7556}") = "StrategyPattern", "StrategyPattern\StrategyPattern.csproj", "{5F6F07A9-61D4-42D1-9E06-93A32246CDE7}"
EndProject
Project("{9A19103F-16F7-4668-BE54-9A1E7A4F7556}") = "ObserverPattern", "ObserverPattern\ObserverPattern.csproj", "{B6ACCCDE-15EB-426E-836D-02690F03BB13}"
EndProject
Project("{9A19103F-16F7-4668-BE54-9A1E7A4F7556}") = "Basic", "Basic\Basic.csproj", "{346C63F2-9EFE-4BC8-8CDA-8E79B48AE148}"
EndProject
Project("{FAE04EC0-301F-11D3-BF4B-00C04F79EFBC}") = "FluentDesignPattern", "FluentDesignPattern\FluentDesignPattern.csproj", "{8A8FB5AD-D5EA-42C4-B985-F01E1CDCD09B}"
EndProject
Global
	GlobalSection(SolutionConfigurationPlatforms) = preSolution
		Debug|Any CPU = Debug|Any CPU
		Release|Any CPU = Release|Any CPU
	EndGlobalSection
	GlobalSection(ProjectConfigurationPlatforms) = postSolution
		{723B0AAC-4EC0-4ACD-BBD9-0DAD44F8BCA7}.Debug|Any CPU.ActiveCfg = Debug|Any CPU
		{723B0AAC-4EC0-4ACD-BBD9-0DAD44F8BCA7}.Debug|Any CPU.Build.0 = Debug|Any CPU
		{723B0AAC-4EC0-4ACD-BBD9-0DAD44F8BCA7}.Release|Any CPU.ActiveCfg = Release|Any CPU
		{723B0AAC-4EC0-4ACD-BBD9-0DAD44F8BCA7}.Release|Any CPU.Build.0 = Release|Any CPU
		{3DA20852-9666-4707-8535-B5F15B1CA90C}.Debug|Any CPU.ActiveCfg = Debug|Any CPU
		{3DA20852-9666-4707-8535-B5F15B1CA90C}.Debug|Any CPU.Build.0 = Debug|Any CPU
		{3DA20852-9666-4707-8535-B5F15B1CA90C}.Release|Any CPU.ActiveCfg = Release|Any CPU
		{3DA20852-9666-4707-8535-B5F15B1CA90C}.Release|Any CPU.Build.0 = Release|Any CPU
		{5F6F07A9-61D4-42D1-9E06-93A32246CDE7}.Debug|Any CPU.ActiveCfg = Debug|Any CPU
		{5F6F07A9-61D4-42D1-9E06-93A32246CDE7}.Debug|Any CPU.Build.0 = Debug|Any CPU
		{5F6F07A9-61D4-42D1-9E06-93A32246CDE7}.Release|Any CPU.ActiveCfg = Release|Any CPU
		{5F6F07A9-61D4-42D1-9E06-93A32246CDE7}.Release|Any CPU.Build.0 = Release|Any CPU
		{B6ACCCDE-15EB-426E-836D-02690F03BB13}.Debug|Any CPU.ActiveCfg = Debug|Any CPU
		{B6ACCCDE-15EB-426E-836D-02690F03BB13}.Debug|Any CPU.Build.0 = Debug|Any CPU
		{B6ACCCDE-15EB-426E-836D-02690F03BB13}.Release|Any CPU.ActiveCfg = Release|Any CPU
		{B6ACCCDE-15EB-426E-836D-02690F03BB13}.Release|Any CPU.Build.0 = Release|Any CPU
		{346C63F2-9EFE-4BC8-8CDA-8E79B48AE148}.Debug|Any CPU.ActiveCfg = Debug|Any CPU
		{346C63F2-9EFE-4BC8-8CDA-8E79B48AE148}.Debug|Any CPU.Build.0 = Debug|Any CPU
		{346C63F2-9EFE-4BC8-8CDA-8E79B48AE148}.Release|Any CPU.ActiveCfg = Release|Any CPU
		{346C63F2-9EFE-4BC8-8CDA-8E79B48AE148}.Release|Any CPU.Build.0 = Release|Any CPU
		{8A8FB5AD-D5EA-42C4-B985-F01E1CDCD09B}.Debug|Any CPU.ActiveCfg = Debug|Any CPU
		{8A8FB5AD-D5EA-42C4-B985-F01E1CDCD09B}.Debug|Any CPU.Build.0 = Debug|Any CPU
		{8A8FB5AD-D5EA-42C4-B985-F01E1CDCD09B}.Release|Any CPU.ActiveCfg = Release|Any CPU
		{8A8FB5AD-D5EA-42C4-B985-F01E1CDCD09B}.Release|Any CPU.Build.0 = Release|Any CPU
	EndGlobalSection
	GlobalSection(SolutionProperties) = preSolution
		HideSolutionNode = FALSE
	EndGlobalSection
	GlobalSection(ExtensibilityGlobals) = postSolution
		SolutionGuid = {18B0407E-9756-4019-84D1-DE3DB0D42002}
	EndGlobalSection
EndGlobal
